
Microsoft Visual Studio Solution File, Format Version 12.00
# Visual Studio Version 17
VisualStudioVersion = 17.3.32901.215
MinimumVisualStudioVersion = 10.0.40219.1
Project("{FAE04EC0-301F-11D3-BF4B-00C04F79EFBC}") = "ConsoleApp24", "ConsoleApp24\ConsoleApp24.csproj", "{F84801E8-C2D0-490F-A4B4-4A633EBF0F5B}"
EndProject
Global
	GlobalSection(SolutionConfigurationPlatforms) = preSolution
		Debug|Any CPU = Debug|Any CPU
		Release|Any CPU = Release|Any CPU
	EndGlobalSection
	GlobalSection(ProjectConfigurationPlatforms) = postSolution
		{F84801E8-C2D0-490F-A4B4-4A633EBF0F5B}.Debug|Any CPU.ActiveCfg = Debug|Any CPU
		{F84801E8-C2D0-490F-A4B4-4A633EBF0F5B}.Debug|Any CPU.Build.0 = Debug|Any CPU
		{F84801E8-C2D0-490F-A4B4-4A633EBF0F5B}.Release|Any CPU.ActiveCfg = Release|Any CPU
		{F84801E8-C2D0-490F-A4B4-4A633EBF0F5B}.Release|Any CPU.Build.0 = Release|Any CPU
	EndGlobalSection
	GlobalSection(SolutionProperties) = preSolution
		HideSolutionNode = FALSE
	EndGlobalSection
	GlobalSection(ExtensibilityGlobals) = postSolution
		SolutionGuid = {2B975BFA-0369-482B-953C-B1C40CB66965}
	EndGlobalSection
EndGlobal
